
Microsoft Visual Studio Solution File, Format Version 12.00
# Visual Studio Version 17
VisualStudioVersion = 17.14.36401.2 d17.14
MinimumVisualStudioVersion = 10.0.40219.1
Project("{FAE04EC0-301F-11D3-BF4B-00C04F79EFBC}") = "GoEngineer Star Wars API Demonstration", "GoEngineer Star Wars API Demonstration.csproj", "{5EFBBFD9-3FEB-4E75-A384-AA96B3E308BA}"
EndProject
Global
	GlobalSection(SolutionConfigurationPlatforms) = preSolution
		Debug|Any CPU = Debug|Any CPU
		Release|Any CPU = Release|Any CPU
	EndGlobalSection
	GlobalSection(ProjectConfigurationPlatforms) = postSolution
		{5EFBBFD9-3FEB-4E75-A384-AA96B3E308BA}.Debug|Any CPU.ActiveCfg = Debug|Any CPU
		{5EFBBFD9-3FEB-4E75-A384-AA96B3E308BA}.Debug|Any CPU.Build.0 = Debug|Any CPU
		{5EFBBFD9-3FEB-4E75-A384-AA96B3E308BA}.Release|Any CPU.ActiveCfg = Release|Any CPU
		{5EFBBFD9-3FEB-4E75-A384-AA96B3E308BA}.Release|Any CPU.Build.0 = Release|Any CPU
	EndGlobalSection
	GlobalSection(SolutionProperties) = preSolution
		HideSolutionNode = FALSE
	EndGlobalSection
	GlobalSection(ExtensibilityGlobals) = postSolution
		SolutionGuid = {C787F4D0-75CF-4714-B256-644467C38845}
	EndGlobalSection
EndGlobal
